// !$*UTF8*$!
{
	archiveVersion = 1;
	classes = {
	};
	objectVersion = 46;
	objects = {

/* Begin PBXBuildFile section */
		A63554A81CA5E88C00B33AF2 /* LabelDemoViewController.swift in Sources */ = {isa = PBXBuildFile; fileRef = A63554A71CA5E88C00B33AF2 /* LabelDemoViewController.swift */; };
		A6371FB01C6279AE0086CB29 /* AppDelegate.swift in Sources */ = {isa = PBXBuildFile; fileRef = A6371FAF1C6279AE0086CB29 /* AppDelegate.swift */; };
		A6371FB51C6279AE0086CB29 /* Main.storyboard in Resources */ = {isa = PBXBuildFile; fileRef = A6371FB31C6279AE0086CB29 /* Main.storyboard */; };
		A6371FB71C6279AE0086CB29 /* Assets.xcassets in Resources */ = {isa = PBXBuildFile; fileRef = A6371FB61C6279AE0086CB29 /* Assets.xcassets */; };
		A6371FBA1C6279AE0086CB29 /* LaunchScreen.storyboard in Resources */ = {isa = PBXBuildFile; fileRef = A6371FB81C6279AE0086CB29 /* LaunchScreen.storyboard */; };
		A6371FD31C627AB80086CB29 /* ColorItemCell.swift in Sources */ = {isa = PBXBuildFile; fileRef = A6371FC41C627AB80086CB29 /* ColorItemCell.swift */; };
		A6371FD41C627AB80086CB29 /* ColorPaletteTableViewController.swift in Sources */ = {isa = PBXBuildFile; fileRef = A6371FC51C627AB80086CB29 /* ColorPaletteTableViewController.swift */; };
		A6371FD51C627AB80086CB29 /* ColorsDataSource.swift in Sources */ = {isa = PBXBuildFile; fileRef = A6371FC61C627AB80086CB29 /* ColorsDataSource.swift */; };
		A6371FD61C627AB80086CB29 /* ColorsSectionHeader.swift in Sources */ = {isa = PBXBuildFile; fileRef = A6371FC71C627AB80086CB29 /* ColorsSectionHeader.swift */; };
		A6371FD71C627AB80086CB29 /* ColorsSectionHeader.xib in Resources */ = {isa = PBXBuildFile; fileRef = A6371FC81C627AB80086CB29 /* ColorsSectionHeader.xib */; };
		A6371FD81C627AB80086CB29 /* FontItemCell.swift in Sources */ = {isa = PBXBuildFile; fileRef = A6371FCA1C627AB80086CB29 /* FontItemCell.swift */; };
		A6371FD91C627AB80086CB29 /* FontsTableViewController.swift in Sources */ = {isa = PBXBuildFile; fileRef = A6371FCB1C627AB80086CB29 /* FontsTableViewController.swift */; };
		A6371FDB1C627AB80086CB29 /* DemoItemCell.swift in Sources */ = {isa = PBXBuildFile; fileRef = A6371FCF1C627AB80086CB29 /* DemoItemCell.swift */; };
		A6371FDC1C627AB80086CB29 /* DemoSectionHeader.swift in Sources */ = {isa = PBXBuildFile; fileRef = A6371FD01C627AB80086CB29 /* DemoSectionHeader.swift */; };
		A6371FDD1C627AB80086CB29 /* DemoSectionHeader.xib in Resources */ = {isa = PBXBuildFile; fileRef = A6371FD11C627AB80086CB29 /* DemoSectionHeader.xib */; };
		A6371FDE1C627AB80086CB29 /* MainTableViewController.swift in Sources */ = {isa = PBXBuildFile; fileRef = A6371FD21C627AB80086CB29 /* MainTableViewController.swift */; };
		A64292851C87BBC300BE008F /* LogoViewItemCell.swift in Sources */ = {isa = PBXBuildFile; fileRef = A64292841C87BBC300BE008F /* LogoViewItemCell.swift */; };
		A657A4D61C8799F7007B2414 /* InitialsView.storyboard in Resources */ = {isa = PBXBuildFile; fileRef = A657A4D51C8799F7007B2414 /* InitialsView.storyboard */; };
		A657A4D81C879B73007B2414 /* InitialsViewTableViewController.swift in Sources */ = {isa = PBXBuildFile; fileRef = A657A4D71C879B73007B2414 /* InitialsViewTableViewController.swift */; };
		A657A4DA1C879BF0007B2414 /* InitialsViewItemCell.swift in Sources */ = {isa = PBXBuildFile; fileRef = A657A4D91C879BF0007B2414 /* InitialsViewItemCell.swift */; };
		A657A4E31C87B9EE007B2414 /* LogoViewTableViewController.swift in Sources */ = {isa = PBXBuildFile; fileRef = A657A4E21C87B9EE007B2414 /* LogoViewTableViewController.swift */; };
		A657A4E51C87B9FF007B2414 /* LogoView.storyboard in Resources */ = {isa = PBXBuildFile; fileRef = A657A4E41C87B9FF007B2414 /* LogoView.storyboard */; };
		A68B15751C63C59400AAAFC6 /* OfficeUIFabricCore.framework in Embed Frameworks */ = {isa = PBXBuildFile; fileRef = A6574FFE1C62ABC30046CD63 /* OfficeUIFabricCore.framework */; settings = {ATTRIBUTES = (CodeSignOnCopy, RemoveHeadersOnCopy, ); }; };
		A6AEDB311C8F7B89000A62E8 /* ButtonDemoViewController.swift in Sources */ = {isa = PBXBuildFile; fileRef = A6AEDB301C8F7B89000A62E8 /* ButtonDemoViewController.swift */; };
/* End PBXBuildFile section */

/* Begin PBXContainerItemProxy section */
		A6574FFD1C62ABC30046CD63 /* PBXContainerItemProxy */ = {
			isa = PBXContainerItemProxy;
			containerPortal = A6574FF91C62ABC30046CD63 /* OfficeUIFabricCore.xcodeproj */;
			proxyType = 2;
			remoteGlobalIDString = A6371F881C6272560086CB29;
			remoteInfo = OfficeUIFabricCore;
		};
		A6574FFF1C62ABD40046CD63 /* PBXContainerItemProxy */ = {
			isa = PBXContainerItemProxy;
			containerPortal = A6574FF91C62ABC30046CD63 /* OfficeUIFabricCore.xcodeproj */;
			proxyType = 1;
			remoteGlobalIDString = A6371F871C6272560086CB29;
			remoteInfo = OfficeUIFabricCore;
		};
		A68B15761C63C59400AAAFC6 /* PBXContainerItemProxy */ = {
			isa = PBXContainerItemProxy;
			containerPortal = A6574FF91C62ABC30046CD63 /* OfficeUIFabricCore.xcodeproj */;
			proxyType = 1;
			remoteGlobalIDString = A6371F871C6272560086CB29;
			remoteInfo = OfficeUIFabricCore;
		};
/* End PBXContainerItemProxy section */

/* Begin PBXCopyFilesBuildPhase section */
		A68B15781C63C59500AAAFC6 /* Embed Frameworks */ = {
			isa = PBXCopyFilesBuildPhase;
			buildActionMask = 2147483647;
			dstPath = "";
			dstSubfolderSpec = 10;
			files = (
				A68B15751C63C59400AAAFC6 /* OfficeUIFabricCore.framework in Embed Frameworks */,
			);
			name = "Embed Frameworks";
			runOnlyForDeploymentPostprocessing = 0;
		};
/* End PBXCopyFilesBuildPhase section */

/* Begin PBXFileReference section */
		A63554A71CA5E88C00B33AF2 /* LabelDemoViewController.swift */ = {isa = PBXFileReference; fileEncoding = 4; lastKnownFileType = sourcecode.swift; path = LabelDemoViewController.swift; sourceTree = "<group>"; };
		A6371FAC1C6279AE0086CB29 /* OfficeUIFabricDemo.app */ = {isa = PBXFileReference; explicitFileType = wrapper.application; includeInIndex = 0; path = OfficeUIFabricDemo.app; sourceTree = BUILT_PRODUCTS_DIR; };
		A6371FAF1C6279AE0086CB29 /* AppDelegate.swift */ = {isa = PBXFileReference; lastKnownFileType = sourcecode.swift; path = AppDelegate.swift; sourceTree = "<group>"; };
		A6371FB41C6279AE0086CB29 /* Base */ = {isa = PBXFileReference; lastKnownFileType = file.storyboard; name = Base; path = Base.lproj/Main.storyboard; sourceTree = "<group>"; };
		A6371FB61C6279AE0086CB29 /* Assets.xcassets */ = {isa = PBXFileReference; lastKnownFileType = folder.assetcatalog; path = Assets.xcassets; sourceTree = "<group>"; };
		A6371FB91C6279AE0086CB29 /* Base */ = {isa = PBXFileReference; lastKnownFileType = file.storyboard; name = Base; path = Base.lproj/LaunchScreen.storyboard; sourceTree = "<group>"; };
		A6371FBB1C6279AE0086CB29 /* Info.plist */ = {isa = PBXFileReference; lastKnownFileType = text.plist.xml; path = Info.plist; sourceTree = "<group>"; };
		A6371FC41C627AB80086CB29 /* ColorItemCell.swift */ = {isa = PBXFileReference; fileEncoding = 4; lastKnownFileType = sourcecode.swift; path = ColorItemCell.swift; sourceTree = "<group>"; };
		A6371FC51C627AB80086CB29 /* ColorPaletteTableViewController.swift */ = {isa = PBXFileReference; fileEncoding = 4; lastKnownFileType = sourcecode.swift; path = ColorPaletteTableViewController.swift; sourceTree = "<group>"; };
		A6371FC61C627AB80086CB29 /* ColorsDataSource.swift */ = {isa = PBXFileReference; fileEncoding = 4; lastKnownFileType = sourcecode.swift; path = ColorsDataSource.swift; sourceTree = "<group>"; };
		A6371FC71C627AB80086CB29 /* ColorsSectionHeader.swift */ = {isa = PBXFileReference; fileEncoding = 4; lastKnownFileType = sourcecode.swift; path = ColorsSectionHeader.swift; sourceTree = "<group>"; };
		A6371FC81C627AB80086CB29 /* ColorsSectionHeader.xib */ = {isa = PBXFileReference; fileEncoding = 4; lastKnownFileType = file.xib; path = ColorsSectionHeader.xib; sourceTree = "<group>"; };
		A6371FCA1C627AB80086CB29 /* FontItemCell.swift */ = {isa = PBXFileReference; fileEncoding = 4; lastKnownFileType = sourcecode.swift; path = FontItemCell.swift; sourceTree = "<group>"; };
		A6371FCB1C627AB80086CB29 /* FontsTableViewController.swift */ = {isa = PBXFileReference; fileEncoding = 4; lastKnownFileType = sourcecode.swift; path = FontsTableViewController.swift; sourceTree = "<group>"; };
		A6371FCF1C627AB80086CB29 /* DemoItemCell.swift */ = {isa = PBXFileReference; fileEncoding = 4; lastKnownFileType = sourcecode.swift; path = DemoItemCell.swift; sourceTree = "<group>"; };
		A6371FD01C627AB80086CB29 /* DemoSectionHeader.swift */ = {isa = PBXFileReference; fileEncoding = 4; lastKnownFileType = sourcecode.swift; path = DemoSectionHeader.swift; sourceTree = "<group>"; };
		A6371FD11C627AB80086CB29 /* DemoSectionHeader.xib */ = {isa = PBXFileReference; fileEncoding = 4; lastKnownFileType = file.xib; path = DemoSectionHeader.xib; sourceTree = "<group>"; };
		A6371FD21C627AB80086CB29 /* MainTableViewController.swift */ = {isa = PBXFileReference; fileEncoding = 4; lastKnownFileType = sourcecode.swift; path = MainTableViewController.swift; sourceTree = "<group>"; };
		A64292841C87BBC300BE008F /* LogoViewItemCell.swift */ = {isa = PBXFileReference; fileEncoding = 4; lastKnownFileType = sourcecode.swift; path = LogoViewItemCell.swift; sourceTree = "<group>"; };
		A6574FF91C62ABC30046CD63 /* OfficeUIFabricCore.xcodeproj */ = {isa = PBXFileReference; lastKnownFileType = "wrapper.pb-project"; name = OfficeUIFabricCore.xcodeproj; path = ../OfficeUIFabricCore/OfficeUIFabricCore.xcodeproj; sourceTree = "<group>"; };
		A657A4D51C8799F7007B2414 /* InitialsView.storyboard */ = {isa = PBXFileReference; fileEncoding = 4; lastKnownFileType = file.storyboard; path = InitialsView.storyboard; sourceTree = "<group>"; };
		A657A4D71C879B73007B2414 /* InitialsViewTableViewController.swift */ = {isa = PBXFileReference; fileEncoding = 4; lastKnownFileType = sourcecode.swift; path = InitialsViewTableViewController.swift; sourceTree = "<group>"; };
		A657A4D91C879BF0007B2414 /* InitialsViewItemCell.swift */ = {isa = PBXFileReference; fileEncoding = 4; lastKnownFileType = sourcecode.swift; path = InitialsViewItemCell.swift; sourceTree = "<group>"; };
		A657A4E21C87B9EE007B2414 /* LogoViewTableViewController.swift */ = {isa = PBXFileReference; fileEncoding = 4; lastKnownFileType = sourcecode.swift; path = LogoViewTableViewController.swift; sourceTree = "<group>"; };
		A657A4E41C87B9FF007B2414 /* LogoView.storyboard */ = {isa = PBXFileReference; fileEncoding = 4; lastKnownFileType = file.storyboard; path = LogoView.storyboard; sourceTree = "<group>"; };
		A6AEDB301C8F7B89000A62E8 /* ButtonDemoViewController.swift */ = {isa = PBXFileReference; fileEncoding = 4; lastKnownFileType = sourcecode.swift; path = ButtonDemoViewController.swift; sourceTree = "<group>"; };
/* End PBXFileReference section */

/* Begin PBXFrameworksBuildPhase section */
		A6371FA91C6279AE0086CB29 /* Frameworks */ = {
			isa = PBXFrameworksBuildPhase;
			buildActionMask = 2147483647;
			files = (
			);
			runOnlyForDeploymentPostprocessing = 0;
		};
/* End PBXFrameworksBuildPhase section */

/* Begin PBXGroup section */
		A6371FA31C6279AE0086CB29 = {
			isa = PBXGroup;
			children = (
				A6371FAE1C6279AE0086CB29 /* OfficeUIFabricDemo */,
				A6371FAD1C6279AE0086CB29 /* Products */,
				A6574FF91C62ABC30046CD63 /* OfficeUIFabricCore.xcodeproj */,
			);
			sourceTree = "<group>";
		};
		A6371FAD1C6279AE0086CB29 /* Products */ = {
			isa = PBXGroup;
			children = (
				A6371FAC1C6279AE0086CB29 /* OfficeUIFabricDemo.app */,
			);
			name = Products;
			sourceTree = "<group>";
		};
		A6371FAE1C6279AE0086CB29 /* OfficeUIFabricDemo */ = {
			isa = PBXGroup;
			children = (
				A6371FC21C627AB80086CB29 /* DemoControllers */,
				A6371FAF1C6279AE0086CB29 /* AppDelegate.swift */,
				A6371FC11C627A580086CB29 /* SupportingFiles */,
			);
			path = OfficeUIFabricDemo;
			sourceTree = "<group>";
		};
		A6371FC11C627A580086CB29 /* SupportingFiles */ = {
			isa = PBXGroup;
			children = (
				A6371FB31C6279AE0086CB29 /* Main.storyboard */,
				A6371FB61C6279AE0086CB29 /* Assets.xcassets */,
				A6371FB81C6279AE0086CB29 /* LaunchScreen.storyboard */,
				A6371FBB1C6279AE0086CB29 /* Info.plist */,
			);
			name = SupportingFiles;
			sourceTree = "<group>";
		};
		A6371FC21C627AB80086CB29 /* DemoControllers */ = {
			isa = PBXGroup;
			children = (
				A657A4D31C8799CA007B2414 /* Components */,
				A6AEDB2F1C8F7B6F000A62E8 /* Customization */,
				A6371FC31C627AB80086CB29 /* Colors */,
				A6371FC91C627AB80086CB29 /* Fonts */,
				A6371FCE1C627AB80086CB29 /* Main */,
			);
			path = DemoControllers;
			sourceTree = "<group>";
		};
		A6371FC31C627AB80086CB29 /* Colors */ = {
			isa = PBXGroup;
			children = (
				A6371FC41C627AB80086CB29 /* ColorItemCell.swift */,
				A6371FC51C627AB80086CB29 /* ColorPaletteTableViewController.swift */,
				A6371FC61C627AB80086CB29 /* ColorsDataSource.swift */,
				A6371FC71C627AB80086CB29 /* ColorsSectionHeader.swift */,
				A6371FC81C627AB80086CB29 /* ColorsSectionHeader.xib */,
			);
			path = Colors;
			sourceTree = "<group>";
		};
		A6371FC91C627AB80086CB29 /* Fonts */ = {
			isa = PBXGroup;
			children = (
				A6371FCA1C627AB80086CB29 /* FontItemCell.swift */,
				A6371FCB1C627AB80086CB29 /* FontsTableViewController.swift */,
			);
			path = Fonts;
			sourceTree = "<group>";
		};
		A6371FCE1C627AB80086CB29 /* Main */ = {
			isa = PBXGroup;
			children = (
				A6371FCF1C627AB80086CB29 /* DemoItemCell.swift */,
				A6371FD01C627AB80086CB29 /* DemoSectionHeader.swift */,
				A6371FD11C627AB80086CB29 /* DemoSectionHeader.xib */,
				A6371FD21C627AB80086CB29 /* MainTableViewController.swift */,
			);
			path = Main;
			sourceTree = "<group>";
		};
		A6574FFA1C62ABC30046CD63 /* Products */ = {
			isa = PBXGroup;
			children = (
				A6574FFE1C62ABC30046CD63 /* OfficeUIFabricCore.framework */,
			);
			name = Products;
			sourceTree = "<group>";
		};
		A657A4D31C8799CA007B2414 /* Components */ = {
			isa = PBXGroup;
			children = (
				A657A4D41C8799CA007B2414 /* InitialsView */,
				A657A4E11C87B9D6007B2414 /* LogoView */,
			);
			path = Components;
			sourceTree = "<group>";
		};
		A657A4D41C8799CA007B2414 /* InitialsView */ = {
			isa = PBXGroup;
			children = (
				A657A4D51C8799F7007B2414 /* InitialsView.storyboard */,
				A657A4D71C879B73007B2414 /* InitialsViewTableViewController.swift */,
				A657A4D91C879BF0007B2414 /* InitialsViewItemCell.swift */,
			);
			path = InitialsView;
			sourceTree = "<group>";
		};
		A657A4E11C87B9D6007B2414 /* LogoView */ = {
			isa = PBXGroup;
			children = (
				A657A4E41C87B9FF007B2414 /* LogoView.storyboard */,
				A657A4E21C87B9EE007B2414 /* LogoViewTableViewController.swift */,
				A64292841C87BBC300BE008F /* LogoViewItemCell.swift */,
			);
			path = LogoView;
			sourceTree = "<group>";
		};
		A6AEDB2F1C8F7B6F000A62E8 /* Customization */ = {
			isa = PBXGroup;
			children = (
				A6AEDB301C8F7B89000A62E8 /* ButtonDemoViewController.swift */,
				A63554A71CA5E88C00B33AF2 /* LabelDemoViewController.swift */,
			);
			path = Customization;
			sourceTree = "<group>";
		};
/* End PBXGroup section */

/* Begin PBXNativeTarget section */
		A6371FAB1C6279AE0086CB29 /* OfficeUIFabricDemo */ = {
			isa = PBXNativeTarget;
			buildConfigurationList = A6371FBE1C6279AE0086CB29 /* Build configuration list for PBXNativeTarget "OfficeUIFabricDemo" */;
			buildPhases = (
				A6371FA81C6279AE0086CB29 /* Sources */,
				A6371FA91C6279AE0086CB29 /* Frameworks */,
				A6371FAA1C6279AE0086CB29 /* Resources */,
				A68B15781C63C59500AAAFC6 /* Embed Frameworks */,
			);
			buildRules = (
			);
			dependencies = (
				A65750001C62ABD40046CD63 /* PBXTargetDependency */,
				A68B15771C63C59400AAAFC6 /* PBXTargetDependency */,
			);
			name = OfficeUIFabricDemo;
			productName = OfficeUIFabricDemo;
			productReference = A6371FAC1C6279AE0086CB29 /* OfficeUIFabricDemo.app */;
			productType = "com.apple.product-type.application";
		};
/* End PBXNativeTarget section */

/* Begin PBXProject section */
		A6371FA41C6279AE0086CB29 /* Project object */ = {
			isa = PBXProject;
			attributes = {
				LastSwiftUpdateCheck = 0720;
				LastUpgradeCheck = 0720;
				ORGANIZATIONNAME = Microsoft;
				TargetAttributes = {
					A6371FAB1C6279AE0086CB29 = {
						CreatedOnToolsVersion = 7.2;
					};
				};
			};
			buildConfigurationList = A6371FA71C6279AE0086CB29 /* Build configuration list for PBXProject "OfficeUIFabricDemo" */;
			compatibilityVersion = "Xcode 3.2";
			developmentRegion = English;
			hasScannedForEncodings = 0;
			knownRegions = (
				en,
				Base,
			);
			mainGroup = A6371FA31C6279AE0086CB29;
			productRefGroup = A6371FAD1C6279AE0086CB29 /* Products */;
			projectDirPath = "";
			projectReferences = (
				{
					ProductGroup = A6574FFA1C62ABC30046CD63 /* Products */;
					ProjectRef = A6574FF91C62ABC30046CD63 /* OfficeUIFabricCore.xcodeproj */;
				},
			);
			projectRoot = "";
			targets = (
				A6371FAB1C6279AE0086CB29 /* OfficeUIFabricDemo */,
			);
		};
/* End PBXProject section */

/* Begin PBXReferenceProxy section */
		A6574FFE1C62ABC30046CD63 /* OfficeUIFabricCore.framework */ = {
			isa = PBXReferenceProxy;
			fileType = wrapper.framework;
			path = OfficeUIFabricCore.framework;
			remoteRef = A6574FFD1C62ABC30046CD63 /* PBXContainerItemProxy */;
			sourceTree = BUILT_PRODUCTS_DIR;
		};
/* End PBXReferenceProxy section */

/* Begin PBXResourcesBuildPhase section */
		A6371FAA1C6279AE0086CB29 /* Resources */ = {
			isa = PBXResourcesBuildPhase;
			buildActionMask = 2147483647;
			files = (
				A6371FD71C627AB80086CB29 /* ColorsSectionHeader.xib in Resources */,
				A6371FBA1C6279AE0086CB29 /* LaunchScreen.storyboard in Resources */,
				A657A4D61C8799F7007B2414 /* InitialsView.storyboard in Resources */,
				A6371FB71C6279AE0086CB29 /* Assets.xcassets in Resources */,
				A657A4E51C87B9FF007B2414 /* LogoView.storyboard in Resources */,
				A6371FB51C6279AE0086CB29 /* Main.storyboard in Resources */,
				A6371FDD1C627AB80086CB29 /* DemoSectionHeader.xib in Resources */,
			);
			runOnlyForDeploymentPostprocessing = 0;
		};
/* End PBXResourcesBuildPhase section */

/* Begin PBXSourcesBuildPhase section */
		A6371FA81C6279AE0086CB29 /* Sources */ = {
			isa = PBXSourcesBuildPhase;
			buildActionMask = 2147483647;
			files = (
				A6371FDE1C627AB80086CB29 /* MainTableViewController.swift in Sources */,
				A6371FD61C627AB80086CB29 /* ColorsSectionHeader.swift in Sources */,
				A6371FD81C627AB80086CB29 /* FontItemCell.swift in Sources */,
				A6371FD31C627AB80086CB29 /* ColorItemCell.swift in Sources */,
				A64292851C87BBC300BE008F /* LogoViewItemCell.swift in Sources */,
				A6AEDB311C8F7B89000A62E8 /* ButtonDemoViewController.swift in Sources */,
				A657A4DA1C879BF0007B2414 /* InitialsViewItemCell.swift in Sources */,
				A657A4E31C87B9EE007B2414 /* LogoViewTableViewController.swift in Sources */,
				A6371FB01C6279AE0086CB29 /* AppDelegate.swift in Sources */,
				A6371FD51C627AB80086CB29 /* ColorsDataSource.swift in Sources */,
				A6371FD41C627AB80086CB29 /* ColorPaletteTableViewController.swift in Sources */,
				A6371FD91C627AB80086CB29 /* FontsTableViewController.swift in Sources */,
				A63554A81CA5E88C00B33AF2 /* LabelDemoViewController.swift in Sources */,
				A6371FDC1C627AB80086CB29 /* DemoSectionHeader.swift in Sources */,
				A6371FDB1C627AB80086CB29 /* DemoItemCell.swift in Sources */,
				A657A4D81C879B73007B2414 /* InitialsViewTableViewController.swift in Sources */,
			);
			runOnlyForDeploymentPostprocessing = 0;
		};
/* End PBXSourcesBuildPhase section */

/* Begin PBXTargetDependency section */
		A65750001C62ABD40046CD63 /* PBXTargetDependency */ = {
			isa = PBXTargetDependency;
			name = OfficeUIFabricCore;
			targetProxy = A6574FFF1C62ABD40046CD63 /* PBXContainerItemProxy */;
		};
		A68B15771C63C59400AAAFC6 /* PBXTargetDependency */ = {
			isa = PBXTargetDependency;
			name = OfficeUIFabricCore;
			targetProxy = A68B15761C63C59400AAAFC6 /* PBXContainerItemProxy */;
		};
/* End PBXTargetDependency section */

/* Begin PBXVariantGroup section */
		A6371FB31C6279AE0086CB29 /* Main.storyboard */ = {
			isa = PBXVariantGroup;
			children = (
				A6371FB41C6279AE0086CB29 /* Base */,
			);
			name = Main.storyboard;
			sourceTree = "<group>";
		};
		A6371FB81C6279AE0086CB29 /* LaunchScreen.storyboard */ = {
			isa = PBXVariantGroup;
			children = (
				A6371FB91C6279AE0086CB29 /* Base */,
			);
			name = LaunchScreen.storyboard;
			sourceTree = "<group>";
		};
/* End PBXVariantGroup section */

/* Begin XCBuildConfiguration section */
		A6371FBC1C6279AE0086CB29 /* Debug */ = {
			isa = XCBuildConfiguration;
			buildSettings = {
				ALWAYS_SEARCH_USER_PATHS = NO;
				CLANG_CXX_LANGUAGE_STANDARD = "gnu++0x";
				CLANG_CXX_LIBRARY = "libc++";
				CLANG_ENABLE_MODULES = YES;
				CLANG_ENABLE_OBJC_ARC = YES;
				CLANG_WARN_BOOL_CONVERSION = YES;
				CLANG_WARN_CONSTANT_CONVERSION = YES;
				CLANG_WARN_DIRECT_OBJC_ISA_USAGE = YES_ERROR;
				CLANG_WARN_EMPTY_BODY = YES;
				CLANG_WARN_ENUM_CONVERSION = YES;
				CLANG_WARN_INT_CONVERSION = YES;
				CLANG_WARN_OBJC_ROOT_CLASS = YES_ERROR;
				CLANG_WARN_UNREACHABLE_CODE = YES;
				CLANG_WARN__DUPLICATE_METHOD_MATCH = YES;
				"CODE_SIGN_IDENTITY[sdk=iphoneos*]" = "iPhone Developer";
				COPY_PHASE_STRIP = NO;
				DEBUG_INFORMATION_FORMAT = dwarf;
				ENABLE_STRICT_OBJC_MSGSEND = YES;
				ENABLE_TESTABILITY = YES;
				GCC_C_LANGUAGE_STANDARD = gnu99;
				GCC_DYNAMIC_NO_PIC = NO;
				GCC_NO_COMMON_BLOCKS = YES;
				GCC_OPTIMIZATION_LEVEL = 0;
				GCC_PREPROCESSOR_DEFINITIONS = (
					"DEBUG=1",
					"$(inherited)",
				);
				GCC_WARN_64_TO_32_BIT_CONVERSION = YES;
				GCC_WARN_ABOUT_RETURN_TYPE = YES_ERROR;
				GCC_WARN_UNDECLARED_SELECTOR = YES;
				GCC_WARN_UNINITIALIZED_AUTOS = YES_AGGRESSIVE;
				GCC_WARN_UNUSED_FUNCTION = YES;
				GCC_WARN_UNUSED_VARIABLE = YES;
				IPHONEOS_DEPLOYMENT_TARGET = 9.2;
				MTL_ENABLE_DEBUG_INFO = YES;
				ONLY_ACTIVE_ARCH = YES;
				SDKROOT = iphoneos;
				SWIFT_OPTIMIZATION_LEVEL = "-Onone";
				TARGETED_DEVICE_FAMILY = "1,2";
			};
			name = Debug;
		};
		A6371FBD1C6279AE0086CB29 /* Release */ = {
			isa = XCBuildConfiguration;
			buildSettings = {
				ALWAYS_SEARCH_USER_PATHS = NO;
				CLANG_CXX_LANGUAGE_STANDARD = "gnu++0x";
				CLANG_CXX_LIBRARY = "libc++";
				CLANG_ENABLE_MODULES = YES;
				CLANG_ENABLE_OBJC_ARC = YES;
				CLANG_WARN_BOOL_CONVERSION = YES;
				CLANG_WARN_CONSTANT_CONVERSION = YES;
				CLANG_WARN_DIRECT_OBJC_ISA_USAGE = YES_ERROR;
				CLANG_WARN_EMPTY_BODY = YES;
				CLANG_WARN_ENUM_CONVERSION = YES;
				CLANG_WARN_INT_CONVERSION = YES;
				CLANG_WARN_OBJC_ROOT_CLASS = YES_ERROR;
				CLANG_WARN_UNREACHABLE_CODE = YES;
				CLANG_WARN__DUPLICATE_METHOD_MATCH = YES;
				"CODE_SIGN_IDENTITY[sdk=iphoneos*]" = "iPhone Developer";
				COPY_PHASE_STRIP = NO;
				DEBUG_INFORMATION_FORMAT = "dwarf-with-dsym";
				ENABLE_NS_ASSERTIONS = NO;
				ENABLE_STRICT_OBJC_MSGSEND = YES;
				GCC_C_LANGUAGE_STANDARD = gnu99;
				GCC_NO_COMMON_BLOCKS = YES;
				GCC_WARN_64_TO_32_BIT_CONVERSION = YES;
				GCC_WARN_ABOUT_RETURN_TYPE = YES_ERROR;
				GCC_WARN_UNDECLARED_SELECTOR = YES;
				GCC_WARN_UNINITIALIZED_AUTOS = YES_AGGRESSIVE;
				GCC_WARN_UNUSED_FUNCTION = YES;
				GCC_WARN_UNUSED_VARIABLE = YES;
				IPHONEOS_DEPLOYMENT_TARGET = 9.2;
				MTL_ENABLE_DEBUG_INFO = NO;
				SDKROOT = iphoneos;
				TARGETED_DEVICE_FAMILY = "1,2";
				VALIDATE_PRODUCT = YES;
			};
			name = Release;
		};
		A6371FBF1C6279AE0086CB29 /* Debug */ = {
			isa = XCBuildConfiguration;
			buildSettings = {
				ASSETCATALOG_COMPILER_APPICON_NAME = AppIcon;
				EMBEDDED_CONTENT_CONTAINS_SWIFT = YES;
				INFOPLIST_FILE = OfficeUIFabricDemo/Info.plist;
				IPHONEOS_DEPLOYMENT_TARGET = 8.0;
				LD_RUNPATH_SEARCH_PATHS = "$(inherited) @executable_path/Frameworks";
				PRODUCT_BUNDLE_IDENTIFIER = "com.officeui-fabric.OfficeUIFabricDemo";
				PRODUCT_NAME = "$(TARGET_NAME)";
			};
			name = Debug;
		};
		A6371FC01C6279AE0086CB29 /* Release */ = {
			isa = XCBuildConfiguration;
			buildSettings = {
				ASSETCATALOG_COMPILER_APPICON_NAME = AppIcon;
				EMBEDDED_CONTENT_CONTAINS_SWIFT = YES;
				INFOPLIST_FILE = OfficeUIFabricDemo/Info.plist;
				IPHONEOS_DEPLOYMENT_TARGET = 8.0;
				LD_RUNPATH_SEARCH_PATHS = "$(inherited) @executable_path/Frameworks";
				PRODUCT_BUNDLE_IDENTIFIER = "com.officeui-fabric.OfficeUIFabricDemo";
				PRODUCT_NAME = "$(TARGET_NAME)";
			};
			name = Release;
		};
/* End XCBuildConfiguration section */

/* Begin XCConfigurationList section */
		A6371FA71C6279AE0086CB29 /* Build configuration list for PBXProject "OfficeUIFabricDemo" */ = {
			isa = XCConfigurationList;
			buildConfigurations = (
				A6371FBC1C6279AE0086CB29 /* Debug */,
				A6371FBD1C6279AE0086CB29 /* Release */,
			);
			defaultConfigurationIsVisible = 0;
			defaultConfigurationName = Release;
		};
		A6371FBE1C6279AE0086CB29 /* Build configuration list for PBXNativeTarget "OfficeUIFabricDemo" */ = {
			isa = XCConfigurationList;
			buildConfigurations = (
				A6371FBF1C6279AE0086CB29 /* Debug */,
				A6371FC01C6279AE0086CB29 /* Release */,
			);
			defaultConfigurationIsVisible = 0;
			defaultConfigurationName = Release;
		};
/* End XCConfigurationList section */
	};
	rootObject = A6371FA41C6279AE0086CB29 /* Project object */;
}
